
Microsoft Visual Studio Solution File, Format Version 12.00
# Visual Studio Version 16
VisualStudioVersion = 16.0.30320.27
MinimumVisualStudioVersion = 10.0.40219.1
Project("{FAE04EC0-301F-11D3-BF4B-00C04F79EFBC}") = "MoyagaboMusicPlayer", "MoyagaboMusicPlayer\MoyagaboMusicPlayer.csproj", "{5CB5962D-D817-4F69-8B37-90CDA369E09E}"
EndProject
Global
	GlobalSection(SolutionConfigurationPlatforms) = preSolution
		Debug|Any CPU = Debug|Any CPU
		Release|Any CPU = Release|Any CPU
	EndGlobalSection
	GlobalSection(ProjectConfigurationPlatforms) = postSolution
		{5CB5962D-D817-4F69-8B37-90CDA369E09E}.Debug|Any CPU.ActiveCfg = Debug|Any CPU
		{5CB5962D-D817-4F69-8B37-90CDA369E09E}.Debug|Any CPU.Build.0 = Debug|Any CPU
		{5CB5962D-D817-4F69-8B37-90CDA369E09E}.Release|Any CPU.ActiveCfg = Release|Any CPU
		{5CB5962D-D817-4F69-8B37-90CDA369E09E}.Release|Any CPU.Build.0 = Release|Any CPU
	EndGlobalSection
	GlobalSection(SolutionProperties) = preSolution
		HideSolutionNode = FALSE
	EndGlobalSection
	GlobalSection(ExtensibilityGlobals) = postSolution
		SolutionGuid = {FEE197B8-800C-4ADC-9FD0-E73A97440117}
	EndGlobalSection
EndGlobal
